
Microsoft Visual Studio Solution File, Format Version 12.00
# Visual Studio Version 16
VisualStudioVersion = 16.0.30717.126
MinimumVisualStudioVersion = 10.0.40219.1
Project("{FAE04EC0-301F-11D3-BF4B-00C04F79EFBC}") = "RookieShop", "RookieShop\RookieShop.csproj", "{ED406B4F-1452-4428-A5B2-F910B5F264EE}"
EndProject
Project("{FAE04EC0-301F-11D3-BF4B-00C04F79EFBC}") = "SharedVm", "SharedVm\SharedVm.csproj", "{EADD02D3-BF26-445E-815A-F575931D0044}"
EndProject
Project("{FAE04EC0-301F-11D3-BF4B-00C04F79EFBC}") = "CustomerSite", "CustomerSite\CustomerSite.csproj", "{0AD093B9-791E-4769-B4C5-2A6381A8329C}"
EndProject
Global
	GlobalSection(SolutionConfigurationPlatforms) = preSolution
		Debug|Any CPU = Debug|Any CPU
		Release|Any CPU = Release|Any CPU
	EndGlobalSection
	GlobalSection(ProjectConfigurationPlatforms) = postSolution
		{ED406B4F-1452-4428-A5B2-F910B5F264EE}.Debug|Any CPU.ActiveCfg = Debug|Any CPU
		{ED406B4F-1452-4428-A5B2-F910B5F264EE}.Debug|Any CPU.Build.0 = Debug|Any CPU
		{ED406B4F-1452-4428-A5B2-F910B5F264EE}.Release|Any CPU.ActiveCfg = Release|Any CPU
		{ED406B4F-1452-4428-A5B2-F910B5F264EE}.Release|Any CPU.Build.0 = Release|Any CPU
		{EADD02D3-BF26-445E-815A-F575931D0044}.Debug|Any CPU.ActiveCfg = Debug|Any CPU
		{EADD02D3-BF26-445E-815A-F575931D0044}.Debug|Any CPU.Build.0 = Debug|Any CPU
		{EADD02D3-BF26-445E-815A-F575931D0044}.Release|Any CPU.ActiveCfg = Release|Any CPU
		{EADD02D3-BF26-445E-815A-F575931D0044}.Release|Any CPU.Build.0 = Release|Any CPU
		{0AD093B9-791E-4769-B4C5-2A6381A8329C}.Debug|Any CPU.ActiveCfg = Debug|Any CPU
		{0AD093B9-791E-4769-B4C5-2A6381A8329C}.Debug|Any CPU.Build.0 = Debug|Any CPU
		{0AD093B9-791E-4769-B4C5-2A6381A8329C}.Release|Any CPU.ActiveCfg = Release|Any CPU
		{0AD093B9-791E-4769-B4C5-2A6381A8329C}.Release|Any CPU.Build.0 = Release|Any CPU
	EndGlobalSection
	GlobalSection(SolutionProperties) = preSolution
		HideSolutionNode = FALSE
	EndGlobalSection
	GlobalSection(ExtensibilityGlobals) = postSolution
		SolutionGuid = {226AF457-A829-4FEE-8068-1BF3349E00E1}
	EndGlobalSection
EndGlobal
